// !$*UTF8*$!
{
	archiveVersion = 1;
	classes = {
	};
	objectVersion = 77;
	objects = {

/* Begin PBXBuildFile section */
		DF498C4C2DDA56EE00F4AAA1 /* Alamofire in Frameworks */ = {isa = PBXBuildFile; productRef = DF498C4B2DDA56EE00F4AAA1 /* Alamofire */; };
		DFA3DC9F2DF73BAC003E1BE2 /* Kingfisher in Frameworks */ = {isa = PBXBuildFile; productRef = DFA3DC9E2DF73BAC003E1BE2 /* Kingfisher */; };
/* End PBXBuildFile section */

/* Begin PBXContainerItemProxy section */
		DB89330C2DD4A76000F45A43 /* PBXContainerItemProxy */ = {
			isa = PBXContainerItemProxy;
			containerPortal = DB8932F62DD4A75E00F45A43 /* Project object */;
			proxyType = 1;
			remoteGlobalIDString = DB8932FD2DD4A75E00F45A43;
			remoteInfo = AllFlights;
		};
		DB8933162DD4A76000F45A43 /* PBXContainerItemProxy */ = {
			isa = PBXContainerItemProxy;
			containerPortal = DB8932F62DD4A75E00F45A43 /* Project object */;
			proxyType = 1;
			remoteGlobalIDString = DB8932FD2DD4A75E00F45A43;
			remoteInfo = AllFlights;
		};
/* End PBXContainerItemProxy section */

/* Begin PBXFileReference section */
		DB8932FE2DD4A75E00F45A43 /* AllFlights.app */ = {isa = PBXFileReference; explicitFileType = wrapper.application; includeInIndex = 0; path = AllFlights.app; sourceTree = BUILT_PRODUCTS_DIR; };
		DB89330B2DD4A76000F45A43 /* AllFlightsTests.xctest */ = {isa = PBXFileReference; explicitFileType = wrapper.cfbundle; includeInIndex = 0; path = AllFlightsTests.xctest; sourceTree = BUILT_PRODUCTS_DIR; };
		DB8933152DD4A76000F45A43 /* AllFlightsUITests.xctest */ = {isa = PBXFileReference; explicitFileType = wrapper.cfbundle; includeInIndex = 0; path = AllFlightsUITests.xctest; sourceTree = BUILT_PRODUCTS_DIR; };
/* End PBXFileReference section */

/* Begin PBXFileSystemSynchronizedBuildFileExceptionSet section */
		DFA3DC982DF60418003E1BE2 /* Exceptions for "AllFlights" folder in "AllFlights" target */ = {
			isa = PBXFileSystemSynchronizedBuildFileExceptionSet;
			membershipExceptions = (
				Info.plist,
			);
			target = DB8932FD2DD4A75E00F45A43 /* AllFlights */;
		};
/* End PBXFileSystemSynchronizedBuildFileExceptionSet section */

/* Begin PBXFileSystemSynchronizedRootGroup section */
		DB8933002DD4A75E00F45A43 /* AllFlights */ = {
			isa = PBXFileSystemSynchronizedRootGroup;
			exceptions = (
				DFA3DC982DF60418003E1BE2 /* Exceptions for "AllFlights" folder in "AllFlights" target */,
			);
			path = AllFlights;
			sourceTree = "<group>";
		};
		DB89330E2DD4A76000F45A43 /* AllFlightsTests */ = {
			isa = PBXFileSystemSynchronizedRootGroup;
			path = AllFlightsTests;
			sourceTree = "<group>";
		};
		DB8933182DD4A76000F45A43 /* AllFlightsUITests */ = {
			isa = PBXFileSystemSynchronizedRootGroup;
			path = AllFlightsUITests;
			sourceTree = "<group>";
		};
/* End PBXFileSystemSynchronizedRootGroup section */

/* Begin PBXFrameworksBuildPhase section */
		DB8932FB2DD4A75E00F45A43 /* Frameworks */ = {
			isa = PBXFrameworksBuildPhase;
			buildActionMask = 2147483647;
			files = (
				DFA3DC9F2DF73BAC003E1BE2 /* Kingfisher in Frameworks */,
				DF498C4C2DDA56EE00F4AAA1 /* Alamofire in Frameworks */,
			);
			runOnlyForDeploymentPostprocessing = 0;
		};
		DB8933082DD4A76000F45A43 /* Frameworks */ = {
			isa = PBXFrameworksBuildPhase;
			buildActionMask = 2147483647;
			files = (
			);
			runOnlyForDeploymentPostprocessing = 0;
		};
		DB8933122DD4A76000F45A43 /* Frameworks */ = {
			isa = PBXFrameworksBuildPhase;
			buildActionMask = 2147483647;
			files = (
			);
			runOnlyForDeploymentPostprocessing = 0;
		};
/* End PBXFrameworksBuildPhase section */

/* Begin PBXGroup section */
		DB8932F52DD4A75E00F45A43 = {
			isa = PBXGroup;
			children = (
				DB8933002DD4A75E00F45A43 /* AllFlights */,
				DB89330E2DD4A76000F45A43 /* AllFlightsTests */,
				DB8933182DD4A76000F45A43 /* AllFlightsUITests */,
				DF498C4A2DDA56EE00F4AAA1 /* Frameworks */,
				DB8932FF2DD4A75E00F45A43 /* Products */,
			);
			sourceTree = "<group>";
		};
		DB8932FF2DD4A75E00F45A43 /* Products */ = {
			isa = PBXGroup;
			children = (
				DB8932FE2DD4A75E00F45A43 /* AllFlights.app */,
				DB89330B2DD4A76000F45A43 /* AllFlightsTests.xctest */,
				DB8933152DD4A76000F45A43 /* AllFlightsUITests.xctest */,
			);
			name = Products;
			sourceTree = "<group>";
		};
		DF498C4A2DDA56EE00F4AAA1 /* Frameworks */ = {
			isa = PBXGroup;
			children = (
			);
			name = Frameworks;
			sourceTree = "<group>";
		};
/* End PBXGroup section */

/* Begin PBXNativeTarget section */
		DB8932FD2DD4A75E00F45A43 /* AllFlights */ = {
			isa = PBXNativeTarget;
			buildConfigurationList = DB89331F2DD4A76000F45A43 /* Build configuration list for PBXNativeTarget "AllFlights" */;
			buildPhases = (
				DB8932FA2DD4A75E00F45A43 /* Sources */,
				DB8932FB2DD4A75E00F45A43 /* Frameworks */,
				DB8932FC2DD4A75E00F45A43 /* Resources */,
			);
			buildRules = (
			);
			dependencies = (
			);
			fileSystemSynchronizedGroups = (
				DB8933002DD4A75E00F45A43 /* AllFlights */,
			);
			name = AllFlights;
			packageProductDependencies = (
				DF498C4B2DDA56EE00F4AAA1 /* Alamofire */,
				DFA3DC9E2DF73BAC003E1BE2 /* Kingfisher */,
			);
			productName = AllFlights;
			productReference = DB8932FE2DD4A75E00F45A43 /* AllFlights.app */;
			productType = "com.apple.product-type.application";
		};
		DB89330A2DD4A76000F45A43 /* AllFlightsTests */ = {
			isa = PBXNativeTarget;
			buildConfigurationList = DB8933222DD4A76000F45A43 /* Build configuration list for PBXNativeTarget "AllFlightsTests" */;
			buildPhases = (
				DB8933072DD4A76000F45A43 /* Sources */,
				DB8933082DD4A76000F45A43 /* Frameworks */,
				DB8933092DD4A76000F45A43 /* Resources */,
			);
			buildRules = (
			);
			dependencies = (
				DB89330D2DD4A76000F45A43 /* PBXTargetDependency */,
			);
			fileSystemSynchronizedGroups = (
				DB89330E2DD4A76000F45A43 /* AllFlightsTests */,
			);
			name = AllFlightsTests;
			packageProductDependencies = (
			);
			productName = AllFlightsTests;
			productReference = DB89330B2DD4A76000F45A43 /* AllFlightsTests.xctest */;
			productType = "com.apple.product-type.bundle.unit-test";
		};
		DB8933142DD4A76000F45A43 /* AllFlightsUITests */ = {
			isa = PBXNativeTarget;
			buildConfigurationList = DB8933252DD4A76000F45A43 /* Build configuration list for PBXNativeTarget "AllFlightsUITests" */;
			buildPhases = (
				DB8933112DD4A76000F45A43 /* Sources */,
				DB8933122DD4A76000F45A43 /* Frameworks */,
				DB8933132DD4A76000F45A43 /* Resources */,
			);
			buildRules = (
			);
			dependencies = (
				DB8933172DD4A76000F45A43 /* PBXTargetDependency */,
			);
			fileSystemSynchronizedGroups = (
				DB8933182DD4A76000F45A43 /* AllFlightsUITests */,
			);
			name = AllFlightsUITests;
			packageProductDependencies = (
			);
			productName = AllFlightsUITests;
			productReference = DB8933152DD4A76000F45A43 /* AllFlightsUITests.xctest */;
			productType = "com.apple.product-type.bundle.ui-testing";
		};
/* End PBXNativeTarget section */

/* Begin PBXProject section */
		DB8932F62DD4A75E00F45A43 /* Project object */ = {
			isa = PBXProject;
			attributes = {
				BuildIndependentTargetsInParallel = 1;
				LastSwiftUpdateCheck = 1630;
				LastUpgradeCheck = 1630;
				TargetAttributes = {
					DB8932FD2DD4A75E00F45A43 = {
						CreatedOnToolsVersion = 16.3;
					};
					DB89330A2DD4A76000F45A43 = {
						CreatedOnToolsVersion = 16.3;
						TestTargetID = DB8932FD2DD4A75E00F45A43;
					};
					DB8933142DD4A76000F45A43 = {
						CreatedOnToolsVersion = 16.3;
						TestTargetID = DB8932FD2DD4A75E00F45A43;
					};
				};
			};
			buildConfigurationList = DB8932F92DD4A75E00F45A43 /* Build configuration list for PBXProject "AllFlights" */;
			developmentRegion = en;
			hasScannedForEncodings = 0;
			knownRegions = (
				en,
				Base,
			);
			mainGroup = DB8932F52DD4A75E00F45A43;
			minimizedProjectReferenceProxies = 1;
			packageReferences = (
				DF498C492DDA568700F4AAA1 /* XCRemoteSwiftPackageReference "Alamofire" */,
				DFA3DC9D2DF73B97003E1BE2 /* XCRemoteSwiftPackageReference "Kingfisher" */,
			);
			preferredProjectObjectVersion = 77;
			productRefGroup = DB8932FF2DD4A75E00F45A43 /* Products */;
			projectDirPath = "";
			projectRoot = "";
			targets = (
				DB8932FD2DD4A75E00F45A43 /* AllFlights */,
				DB89330A2DD4A76000F45A43 /* AllFlightsTests */,
				DB8933142DD4A76000F45A43 /* AllFlightsUITests */,
			);
		};
/* End PBXProject section */

/* Begin PBXResourcesBuildPhase section */
		DB8932FC2DD4A75E00F45A43 /* Resources */ = {
			isa = PBXResourcesBuildPhase;
			buildActionMask = 2147483647;
			files = (
			);
			runOnlyForDeploymentPostprocessing = 0;
		};
		DB8933092DD4A76000F45A43 /* Resources */ = {
			isa = PBXResourcesBuildPhase;
			buildActionMask = 2147483647;
			files = (
			);
			runOnlyForDeploymentPostprocessing = 0;
		};
		DB8933132DD4A76000F45A43 /* Resources */ = {
			isa = PBXResourcesBuildPhase;
			buildActionMask = 2147483647;
			files = (
			);
			runOnlyForDeploymentPostprocessing = 0;
		};
/* End PBXResourcesBuildPhase section */

/* Begin PBXSourcesBuildPhase section */
		DB8932FA2DD4A75E00F45A43 /* Sources */ = {
			isa = PBXSourcesBuildPhase;
			buildActionMask = 2147483647;
			files = (
			);
			runOnlyForDeploymentPostprocessing = 0;
		};
		DB8933072DD4A76000F45A43 /* Sources */ = {
			isa = PBXSourcesBuildPhase;
			buildActionMask = 2147483647;
			files = (
			);
			runOnlyForDeploymentPostprocessing = 0;
		};
		DB8933112DD4A76000F45A43 /* Sources */ = {
			isa = PBXSourcesBuildPhase;
			buildActionMask = 2147483647;
			files = (
			);
			runOnlyForDeploymentPostprocessing = 0;
		};
/* End PBXSourcesBuildPhase section */

/* Begin PBXTargetDependency section */
		DB89330D2DD4A76000F45A43 /* PBXTargetDependency */ = {
			isa = PBXTargetDependency;
			target = DB8932FD2DD4A75E00F45A43 /* AllFlights */;
			targetProxy = DB89330C2DD4A76000F45A43 /* PBXContainerItemProxy */;
		};
		DB8933172DD4A76000F45A43 /* PBXTargetDependency */ = {
			isa = PBXTargetDependency;
			target = DB8932FD2DD4A75E00F45A43 /* AllFlights */;
			targetProxy = DB8933162DD4A76000F45A43 /* PBXContainerItemProxy */;
		};
/* End PBXTargetDependency section */

/* Begin XCBuildConfiguration section */
		DB89331D2DD4A76000F45A43 /* Debug */ = {
			isa = XCBuildConfiguration;
			buildSettings = {
				ALWAYS_SEARCH_USER_PATHS = NO;
				ASSETCATALOG_COMPILER_GENERATE_SWIFT_ASSET_SYMBOL_EXTENSIONS = YES;
				CLANG_ANALYZER_NONNULL = YES;
				CLANG_ANALYZER_NUMBER_OBJECT_CONVERSION = YES_AGGRESSIVE;
				CLANG_CXX_LANGUAGE_STANDARD = "gnu++20";
				CLANG_ENABLE_MODULES = YES;
				CLANG_ENABLE_OBJC_ARC = YES;
				CLANG_ENABLE_OBJC_WEAK = YES;
				CLANG_WARN_BLOCK_CAPTURE_AUTORELEASING = YES;
				CLANG_WARN_BOOL_CONVERSION = YES;
				CLANG_WARN_COMMA = YES;
				CLANG_WARN_CONSTANT_CONVERSION = YES;
				CLANG_WARN_DEPRECATED_OBJC_IMPLEMENTATIONS = YES;
				CLANG_WARN_DIRECT_OBJC_ISA_USAGE = YES_ERROR;
				CLANG_WARN_DOCUMENTATION_COMMENTS = YES;
				CLANG_WARN_EMPTY_BODY = YES;
				CLANG_WARN_ENUM_CONVERSION = YES;
				CLANG_WARN_INFINITE_RECURSION = YES;
				CLANG_WARN_INT_CONVERSION = YES;
				CLANG_WARN_NON_LITERAL_NULL_CONVERSION = YES;
				CLANG_WARN_OBJC_IMPLICIT_RETAIN_SELF = YES;
				CLANG_WARN_OBJC_LITERAL_CONVERSION = YES;
				CLANG_WARN_OBJC_ROOT_CLASS = YES_ERROR;
				CLANG_WARN_QUOTED_INCLUDE_IN_FRAMEWORK_HEADER = YES;
				CLANG_WARN_RANGE_LOOP_ANALYSIS = YES;
				CLANG_WARN_STRICT_PROTOTYPES = YES;
				CLANG_WARN_SUSPICIOUS_MOVE = YES;
				CLANG_WARN_UNGUARDED_AVAILABILITY = YES_AGGRESSIVE;
				CLANG_WARN_UNREACHABLE_CODE = YES;
				CLANG_WARN__DUPLICATE_METHOD_MATCH = YES;
				COPY_PHASE_STRIP = NO;
				DEBUG_INFORMATION_FORMAT = dwarf;
				ENABLE_STRICT_OBJC_MSGSEND = YES;
				ENABLE_TESTABILITY = YES;
				ENABLE_USER_SCRIPT_SANDBOXING = YES;
				GCC_C_LANGUAGE_STANDARD = gnu17;
				GCC_DYNAMIC_NO_PIC = NO;
				GCC_NO_COMMON_BLOCKS = YES;
				GCC_OPTIMIZATION_LEVEL = 0;
				GCC_PREPROCESSOR_DEFINITIONS = (
					"DEBUG=1",
					"$(inherited)",
				);
				GCC_WARN_64_TO_32_BIT_CONVERSION = YES;
				GCC_WARN_ABOUT_RETURN_TYPE = YES_ERROR;
				GCC_WARN_UNDECLARED_SELECTOR = YES;
				GCC_WARN_UNINITIALIZED_AUTOS = YES_AGGRESSIVE;
				GCC_WARN_UNUSED_FUNCTION = YES;
				GCC_WARN_UNUSED_VARIABLE = YES;
				IPHONEOS_DEPLOYMENT_TARGET = 18.4;
				LOCALIZATION_PREFERS_STRING_CATALOGS = YES;
				MTL_ENABLE_DEBUG_INFO = INCLUDE_SOURCE;
				MTL_FAST_MATH = YES;
				ONLY_ACTIVE_ARCH = YES;
				SDKROOT = iphoneos;
				SWIFT_ACTIVE_COMPILATION_CONDITIONS = "DEBUG $(inherited)";
				SWIFT_OPTIMIZATION_LEVEL = "-Onone";
			};
			name = Debug;
		};
		DB89331E2DD4A76000F45A43 /* Release */ = {
			isa = XCBuildConfiguration;
			buildSettings = {
				ALWAYS_SEARCH_USER_PATHS = NO;
				ASSETCATALOG_COMPILER_GENERATE_SWIFT_ASSET_SYMBOL_EXTENSIONS = YES;
				CLANG_ANALYZER_NONNULL = YES;
				CLANG_ANALYZER_NUMBER_OBJECT_CONVERSION = YES_AGGRESSIVE;
				CLANG_CXX_LANGUAGE_STANDARD = "gnu++20";
				CLANG_ENABLE_MODULES = YES;
				CLANG_ENABLE_OBJC_ARC = YES;
				CLANG_ENABLE_OBJC_WEAK = YES;
				CLANG_WARN_BLOCK_CAPTURE_AUTORELEASING = YES;
				CLANG_WARN_BOOL_CONVERSION = YES;
				CLANG_WARN_COMMA = YES;
				CLANG_WARN_CONSTANT_CONVERSION = YES;
				CLANG_WARN_DEPRECATED_OBJC_IMPLEMENTATIONS = YES;
				CLANG_WARN_DIRECT_OBJC_ISA_USAGE = YES_ERROR;
				CLANG_WARN_DOCUMENTATION_COMMENTS = YES;
				CLANG_WARN_EMPTY_BODY = YES;
				CLANG_WARN_ENUM_CONVERSION = YES;
				CLANG_WARN_INFINITE_RECURSION = YES;
				CLANG_WARN_INT_CONVERSION = YES;
				CLANG_WARN_NON_LITERAL_NULL_CONVERSION = YES;
				CLANG_WARN_OBJC_IMPLICIT_RETAIN_SELF = YES;
				CLANG_WARN_OBJC_LITERAL_CONVERSION = YES;
				CLANG_WARN_OBJC_ROOT_CLASS = YES_ERROR;
				CLANG_WARN_QUOTED_INCLUDE_IN_FRAMEWORK_HEADER = YES;
				CLANG_WARN_RANGE_LOOP_ANALYSIS = YES;
				CLANG_WARN_STRICT_PROTOTYPES = YES;
				CLANG_WARN_SUSPICIOUS_MOVE = YES;
				CLANG_WARN_UNGUARDED_AVAILABILITY = YES_AGGRESSIVE;
				CLANG_WARN_UNREACHABLE_CODE = YES;
				CLANG_WARN__DUPLICATE_METHOD_MATCH = YES;
				COPY_PHASE_STRIP = NO;
				DEBUG_INFORMATION_FORMAT = "dwarf-with-dsym";
				ENABLE_NS_ASSERTIONS = NO;
				ENABLE_STRICT_OBJC_MSGSEND = YES;
				ENABLE_USER_SCRIPT_SANDBOXING = YES;
				GCC_C_LANGUAGE_STANDARD = gnu17;
				GCC_NO_COMMON_BLOCKS = YES;
				GCC_WARN_64_TO_32_BIT_CONVERSION = YES;
				GCC_WARN_ABOUT_RETURN_TYPE = YES_ERROR;
				GCC_WARN_UNDECLARED_SELECTOR = YES;
				GCC_WARN_UNINITIALIZED_AUTOS = YES_AGGRESSIVE;
				GCC_WARN_UNUSED_FUNCTION = YES;
				GCC_WARN_UNUSED_VARIABLE = YES;
				IPHONEOS_DEPLOYMENT_TARGET = 18.4;
				LOCALIZATION_PREFERS_STRING_CATALOGS = YES;
				MTL_ENABLE_DEBUG_INFO = NO;
				MTL_FAST_MATH = YES;
				SDKROOT = iphoneos;
				SWIFT_COMPILATION_MODE = wholemodule;
				VALIDATE_PRODUCT = YES;
			};
			name = Release;
		};
		DB8933202DD4A76000F45A43 /* Debug */ = {
			isa = XCBuildConfiguration;
			buildSettings = {
				ASSETCATALOG_COMPILER_APPICON_NAME = AppIcon;
				ASSETCATALOG_COMPILER_GLOBAL_ACCENT_COLOR_NAME = AccentColor;
				CODE_SIGN_STYLE = Automatic;
				CURRENT_PROJECT_VERSION = 1;
				DEVELOPMENT_TEAM = ZDNN6UMF6Y;
				ENABLE_PREVIEWS = YES;
				GENERATE_INFOPLIST_FILE = YES;
				INFOPLIST_FILE = AllFlights/Info.plist;
				INFOPLIST_KEY_NSLocationAlwaysAndWhenInUseUsageDescription = "This app needs location access to find flights from your current location.";
				INFOPLIST_KEY_NSLocationWhenInUseUsageDescription = "This app needs location access to find flights from your current location.";
				INFOPLIST_KEY_UIApplicationSceneManifest_Generation = YES;
				INFOPLIST_KEY_UIApplicationSupportsIndirectInputEvents = YES;
				INFOPLIST_KEY_UILaunchScreen_Generation = YES;
				INFOPLIST_KEY_UISupportedInterfaceOrientations_iPad = "UIInterfaceOrientationPortrait UIInterfaceOrientationPortraitUpsideDown UIInterfaceOrientationLandscapeLeft UIInterfaceOrientationLandscapeRight";
				INFOPLIST_KEY_UISupportedInterfaceOrientations_iPhone = "UIInterfaceOrientationPortrait UIInterfaceOrientationLandscapeLeft UIInterfaceOrientationLandscapeRight";
				LD_RUNPATH_SEARCH_PATHS = (
					"$(inherited)",
					"@executable_path/Frameworks",
				);
				MARKETING_VERSION = 1.0;
				PRODUCT_BUNDLE_IDENTIFIER = com.swalihzamnoon.test.AllFlights;
				PRODUCT_NAME = "$(TARGET_NAME)";
				SWIFT_EMIT_LOC_STRINGS = YES;
				SWIFT_VERSION = 5.0;
				TARGETED_DEVICE_FAMILY = "1,2";
			};
			name = Debug;
		};
		DB8933212DD4A76000F45A43 /* Release */ = {
			isa = XCBuildConfiguration;
			buildSettings = {
				ASSETCATALOG_COMPILER_APPICON_NAME = AppIcon;
				ASSETCATALOG_COMPILER_GLOBAL_ACCENT_COLOR_NAME = AccentColor;
				CODE_SIGN_STYLE = Automatic;
				CURRENT_PROJECT_VERSION = 1;
				DEVELOPMENT_TEAM = ZDNN6UMF6Y;
				ENABLE_PREVIEWS = YES;
				GENERATE_INFOPLIST_FILE = YES;
				INFOPLIST_FILE = AllFlights/Info.plist;
				INFOPLIST_KEY_NSLocationAlwaysAndWhenInUseUsageDescription = "This app needs location access to find flights from your current location.";
				INFOPLIST_KEY_NSLocationWhenInUseUsageDescription = "This app needs location access to find flights from your current location.";
				INFOPLIST_KEY_UIApplicationSceneManifest_Generation = YES;
				INFOPLIST_KEY_UIApplicationSupportsIndirectInputEvents = YES;
				INFOPLIST_KEY_UILaunchScreen_Generation = YES;
				INFOPLIST_KEY_UISupportedInterfaceOrientations_iPad = "UIInterfaceOrientationPortrait UIInterfaceOrientationPortraitUpsideDown UIInterfaceOrientationLandscapeLeft UIInterfaceOrientationLandscapeRight";
				INFOPLIST_KEY_UISupportedInterfaceOrientations_iPhone = "UIInterfaceOrientationPortrait UIInterfaceOrientationLandscapeLeft UIInterfaceOrientationLandscapeRight";
				LD_RUNPATH_SEARCH_PATHS = (
					"$(inherited)",
					"@executable_path/Frameworks",
				);
				MARKETING_VERSION = 1.0;
				PRODUCT_BUNDLE_IDENTIFIER = com.swalihzamnoon.test.AllFlights;
				PRODUCT_NAME = "$(TARGET_NAME)";
				SWIFT_EMIT_LOC_STRINGS = YES;
				SWIFT_VERSION = 5.0;
				TARGETED_DEVICE_FAMILY = "1,2";
			};
			name = Release;
		};
		DB8933232DD4A76000F45A43 /* Debug */ = {
			isa = XCBuildConfiguration;
			buildSettings = {
				BUNDLE_LOADER = "$(TEST_HOST)";
				CODE_SIGN_STYLE = Automatic;
				CURRENT_PROJECT_VERSION = 1;
				GENERATE_INFOPLIST_FILE = YES;
				IPHONEOS_DEPLOYMENT_TARGET = 18.4;
				MARKETING_VERSION = 1.0;
				PRODUCT_BUNDLE_IDENTIFIER = com.swalih.test.AllFlightsTests;
				PRODUCT_NAME = "$(TARGET_NAME)";
				SWIFT_EMIT_LOC_STRINGS = NO;
				SWIFT_VERSION = 5.0;
				TARGETED_DEVICE_FAMILY = "1,2";
				TEST_HOST = "$(BUILT_PRODUCTS_DIR)/AllFlights.app/$(BUNDLE_EXECUTABLE_FOLDER_PATH)/AllFlights";
			};
			name = Debug;
		};
		DB8933242DD4A76000F45A43 /* Release */ = {
			isa = XCBuildConfiguration;
			buildSettings = {
				BUNDLE_LOADER = "$(TEST_HOST)";
				CODE_SIGN_STYLE = Automatic;
				CURRENT_PROJECT_VERSION = 1;
				GENERATE_INFOPLIST_FILE = YES;
				IPHONEOS_DEPLOYMENT_TARGET = 18.4;
				MARKETING_VERSION = 1.0;
				PRODUCT_BUNDLE_IDENTIFIER = com.swalih.test.AllFlightsTests;
				PRODUCT_NAME = "$(TARGET_NAME)";
				SWIFT_EMIT_LOC_STRINGS = NO;
				SWIFT_VERSION = 5.0;
				TARGETED_DEVICE_FAMILY = "1,2";
				TEST_HOST = "$(BUILT_PRODUCTS_DIR)/AllFlights.app/$(BUNDLE_EXECUTABLE_FOLDER_PATH)/AllFlights";
			};
			name = Release;
		};
		DB8933262DD4A76000F45A43 /* Debug */ = {
			isa = XCBuildConfiguration;
			buildSettings = {
				CODE_SIGN_STYLE = Automatic;
				CURRENT_PROJECT_VERSION = 1;
				GENERATE_INFOPLIST_FILE = YES;
				MARKETING_VERSION = 1.0;
				PRODUCT_BUNDLE_IDENTIFIER = com.swalih.test.AllFlightsUITests;
				PRODUCT_NAME = "$(TARGET_NAME)";
				SWIFT_EMIT_LOC_STRINGS = NO;
				SWIFT_VERSION = 5.0;
				TARGETED_DEVICE_FAMILY = "1,2";
				TEST_TARGET_NAME = AllFlights;
			};
			name = Debug;
		};
		DB8933272DD4A76000F45A43 /* Release */ = {
			isa = XCBuildConfiguration;
			buildSettings = {
				CODE_SIGN_STYLE = Automatic;
				CURRENT_PROJECT_VERSION = 1;
				GENERATE_INFOPLIST_FILE = YES;
				MARKETING_VERSION = 1.0;
				PRODUCT_BUNDLE_IDENTIFIER = com.swalih.test.AllFlightsUITests;
				PRODUCT_NAME = "$(TARGET_NAME)";
				SWIFT_EMIT_LOC_STRINGS = NO;
				SWIFT_VERSION = 5.0;
				TARGETED_DEVICE_FAMILY = "1,2";
				TEST_TARGET_NAME = AllFlights;
			};
			name = Release;
		};
/* End XCBuildConfiguration section */

/* Begin XCConfigurationList section */
		DB8932F92DD4A75E00F45A43 /* Build configuration list for PBXProject "AllFlights" */ = {
			isa = XCConfigurationList;
			buildConfigurations = (
				DB89331D2DD4A76000F45A43 /* Debug */,
				DB89331E2DD4A76000F45A43 /* Release */,
			);
			defaultConfigurationIsVisible = 0;
			defaultConfigurationName = Release;
		};
		DB89331F2DD4A76000F45A43 /* Build configuration list for PBXNativeTarget "AllFlights" */ = {
			isa = XCConfigurationList;
			buildConfigurations = (
				DB8933202DD4A76000F45A43 /* Debug */,
				DB8933212DD4A76000F45A43 /* Release */,
			);
			defaultConfigurationIsVisible = 0;
			defaultConfigurationName = Release;
		};
		DB8933222DD4A76000F45A43 /* Build configuration list for PBXNativeTarget "AllFlightsTests" */ = {
			isa = XCConfigurationList;
			buildConfigurations = (
				DB8933232DD4A76000F45A43 /* Debug */,
				DB8933242DD4A76000F45A43 /* Release */,
			);
			defaultConfigurationIsVisible = 0;
			defaultConfigurationName = Release;
		};
		DB8933252DD4A76000F45A43 /* Build configuration list for PBXNativeTarget "AllFlightsUITests" */ = {
			isa = XCConfigurationList;
			buildConfigurations = (
				DB8933262DD4A76000F45A43 /* Debug */,
				DB8933272DD4A76000F45A43 /* Release */,
			);
			defaultConfigurationIsVisible = 0;
			defaultConfigurationName = Release;
		};
/* End XCConfigurationList section */

/* Begin XCRemoteSwiftPackageReference section */
		DF498C492DDA568700F4AAA1 /* XCRemoteSwiftPackageReference "Alamofire" */ = {
			isa = XCRemoteSwiftPackageReference;
			repositoryURL = "https://github.com/Alamofire/Alamofire.git";
			requirement = {
				kind = upToNextMajorVersion;
				minimumVersion = 5.10.2;
			};
		};
		DFA3DC9D2DF73B97003E1BE2 /* XCRemoteSwiftPackageReference "Kingfisher" */ = {
			isa = XCRemoteSwiftPackageReference;
			repositoryURL = "https://github.com/onevcat/Kingfisher";
			requirement = {
				kind = upToNextMajorVersion;
				minimumVersion = 8.3.2;
			};
		};
/* End XCRemoteSwiftPackageReference section */

/* Begin XCSwiftPackageProductDependency section */
		DF498C4B2DDA56EE00F4AAA1 /* Alamofire */ = {
			isa = XCSwiftPackageProductDependency;
			package = DF498C492DDA568700F4AAA1 /* XCRemoteSwiftPackageReference "Alamofire" */;
			productName = Alamofire;
		};
		DFA3DC9E2DF73BAC003E1BE2 /* Kingfisher */ = {
			isa = XCSwiftPackageProductDependency;
			package = DFA3DC9D2DF73B97003E1BE2 /* XCRemoteSwiftPackageReference "Kingfisher" */;
			productName = Kingfisher;
		};
/* End XCSwiftPackageProductDependency section */
	};
	rootObject = DB8932F62DD4A75E00F45A43 /* Project object */;
}
